// !$*UTF8*$!
{
	archiveVersion = 1;
	classes = {
	};
	objectVersion = 50;
	objects = {

/* Begin PBXBuildFile section */
		D39903CF21D52162005C8F3E /* main.swift in Sources */ = {isa = PBXBuildFile; fileRef = D39903CE21D52162005C8F3E /* main.swift */; };
		D39903D721D52192005C8F3E /* Note.swift in Sources */ = {isa = PBXBuildFile; fileRef = D39903D621D52192005C8F3E /* Note.swift */; };
		D39903D921D522A9005C8F3E /* ChordType.swift in Sources */ = {isa = PBXBuildFile; fileRef = D39903D821D522A9005C8F3E /* ChordType.swift */; };
		D39903DB21D52960005C8F3E /* Interval.swift in Sources */ = {isa = PBXBuildFile; fileRef = D39903DA21D52960005C8F3E /* Interval.swift */; };
		D39903DD21D52D36005C8F3E /* ScaleType.swift in Sources */ = {isa = PBXBuildFile; fileRef = D39903DC21D52D36005C8F3E /* ScaleType.swift */; };
		D39903DF21D52F9E005C8F3E /* NoteService.swift in Sources */ = {isa = PBXBuildFile; fileRef = D39903DE21D52F9E005C8F3E /* NoteService.swift */; };
		D39903E121D560A4005C8F3E /* ChordStyle.swift in Sources */ = {isa = PBXBuildFile; fileRef = D39903E021D560A4005C8F3E /* ChordStyle.swift */; };
		D39903E321D56285005C8F3E /* Inversion.swift in Sources */ = {isa = PBXBuildFile; fileRef = D39903E221D56285005C8F3E /* Inversion.swift */; };
		D39903E621D562D0005C8F3E /* Suspension.swift in Sources */ = {isa = PBXBuildFile; fileRef = D39903E521D562D0005C8F3E /* Suspension.swift */; };
		D39903E821D5635A005C8F3E /* Add.swift in Sources */ = {isa = PBXBuildFile; fileRef = D39903E721D5635A005C8F3E /* Add.swift */; };
		D39903EA21D56FBB005C8F3E /* Alter.swift in Sources */ = {isa = PBXBuildFile; fileRef = D39903E921D56FBB005C8F3E /* Alter.swift */; };
		D39903EC21D5744D005C8F3E /* Secondary.swift in Sources */ = {isa = PBXBuildFile; fileRef = D39903EB21D5744D005C8F3E /* Secondary.swift */; };
		D39903EF21D58AA5005C8F3E /* CollectionExtensions.swift in Sources */ = {isa = PBXBuildFile; fileRef = D39903EE21D58AA5005C8F3E /* CollectionExtensions.swift */; };
		D3AFB45B21D5A98A00BAA80D /* Chord.swift in Sources */ = {isa = PBXBuildFile; fileRef = D3AFB45A21D5A98A00BAA80D /* Chord.swift */; };
		D3AFB45D21D6DCB700BAA80D /* Scale.swift in Sources */ = {isa = PBXBuildFile; fileRef = D3AFB45C21D6DCB700BAA80D /* Scale.swift */; };
		D3F6B69321D7E6A500BD057A /* ChordService.swift in Sources */ = {isa = PBXBuildFile; fileRef = D3F6B69221D7E6A500BD057A /* ChordService.swift */; };
		D3F6B69821D7E96800BD057A /* Constants.swift in Sources */ = {isa = PBXBuildFile; fileRef = D3F6B69721D7E96800BD057A /* Constants.swift */; };
		D3F6B69A21D7F5F400BD057A /* ScaleService.swift in Sources */ = {isa = PBXBuildFile; fileRef = D3F6B69921D7F5F400BD057A /* ScaleService.swift */; };
/* End PBXBuildFile section */

/* Begin PBXCopyFilesBuildPhase section */
		D39903C921D52162005C8F3E /* CopyFiles */ = {
			isa = PBXCopyFilesBuildPhase;
			buildActionMask = 2147483647;
			dstPath = /usr/share/man/man1/;
			dstSubfolderSpec = 0;
			files = (
			);
			runOnlyForDeploymentPostprocessing = 1;
		};
/* End PBXCopyFilesBuildPhase section */

/* Begin PBXFileReference section */
		D39903CB21D52162005C8F3E /* SongBook */ = {isa = PBXFileReference; explicitFileType = "compiled.mach-o.executable"; includeInIndex = 0; path = SongBook; sourceTree = BUILT_PRODUCTS_DIR; };
		D39903CE21D52162005C8F3E /* main.swift */ = {isa = PBXFileReference; lastKnownFileType = sourcecode.swift; path = main.swift; sourceTree = "<group>"; };
		D39903D621D52192005C8F3E /* Note.swift */ = {isa = PBXFileReference; lastKnownFileType = sourcecode.swift; path = Note.swift; sourceTree = "<group>"; };
		D39903D821D522A9005C8F3E /* ChordType.swift */ = {isa = PBXFileReference; lastKnownFileType = sourcecode.swift; path = ChordType.swift; sourceTree = "<group>"; };
		D39903DA21D52960005C8F3E /* Interval.swift */ = {isa = PBXFileReference; lastKnownFileType = sourcecode.swift; path = Interval.swift; sourceTree = "<group>"; };
		D39903DC21D52D36005C8F3E /* ScaleType.swift */ = {isa = PBXFileReference; lastKnownFileType = sourcecode.swift; path = ScaleType.swift; sourceTree = "<group>"; };
		D39903DE21D52F9E005C8F3E /* NoteService.swift */ = {isa = PBXFileReference; lastKnownFileType = sourcecode.swift; path = NoteService.swift; sourceTree = "<group>"; };
		D39903E021D560A4005C8F3E /* ChordStyle.swift */ = {isa = PBXFileReference; lastKnownFileType = sourcecode.swift; path = ChordStyle.swift; sourceTree = "<group>"; };
		D39903E221D56285005C8F3E /* Inversion.swift */ = {isa = PBXFileReference; lastKnownFileType = sourcecode.swift; path = Inversion.swift; sourceTree = "<group>"; };
		D39903E521D562D0005C8F3E /* Suspension.swift */ = {isa = PBXFileReference; lastKnownFileType = sourcecode.swift; path = Suspension.swift; sourceTree = "<group>"; };
		D39903E721D5635A005C8F3E /* Add.swift */ = {isa = PBXFileReference; lastKnownFileType = sourcecode.swift; path = Add.swift; sourceTree = "<group>"; };
		D39903E921D56FBB005C8F3E /* Alter.swift */ = {isa = PBXFileReference; lastKnownFileType = sourcecode.swift; path = Alter.swift; sourceTree = "<group>"; };
		D39903EB21D5744D005C8F3E /* Secondary.swift */ = {isa = PBXFileReference; lastKnownFileType = sourcecode.swift; path = Secondary.swift; sourceTree = "<group>"; };
		D39903EE21D58AA5005C8F3E /* CollectionExtensions.swift */ = {isa = PBXFileReference; lastKnownFileType = sourcecode.swift; path = CollectionExtensions.swift; sourceTree = "<group>"; };
		D3AFB45A21D5A98A00BAA80D /* Chord.swift */ = {isa = PBXFileReference; lastKnownFileType = sourcecode.swift; path = Chord.swift; sourceTree = "<group>"; };
		D3AFB45C21D6DCB700BAA80D /* Scale.swift */ = {isa = PBXFileReference; lastKnownFileType = sourcecode.swift; path = Scale.swift; sourceTree = "<group>"; };
		D3F6B69221D7E6A500BD057A /* ChordService.swift */ = {isa = PBXFileReference; lastKnownFileType = sourcecode.swift; path = ChordService.swift; sourceTree = "<group>"; };
		D3F6B69721D7E96800BD057A /* Constants.swift */ = {isa = PBXFileReference; lastKnownFileType = sourcecode.swift; path = Constants.swift; sourceTree = "<group>"; };
		D3F6B69921D7F5F400BD057A /* ScaleService.swift */ = {isa = PBXFileReference; lastKnownFileType = sourcecode.swift; path = ScaleService.swift; sourceTree = "<group>"; };
/* End PBXFileReference section */

/* Begin PBXFrameworksBuildPhase section */
		D39903C821D52162005C8F3E /* Frameworks */ = {
			isa = PBXFrameworksBuildPhase;
			buildActionMask = 2147483647;
			files = (
			);
			runOnlyForDeploymentPostprocessing = 0;
		};
/* End PBXFrameworksBuildPhase section */

/* Begin PBXGroup section */
		D39903C221D52161005C8F3E = {
			isa = PBXGroup;
			children = (
				D39903CD21D52162005C8F3E /* SongBook */,
				D39903CC21D52162005C8F3E /* Products */,
			);
			sourceTree = "<group>";
		};
		D39903CC21D52162005C8F3E /* Products */ = {
			isa = PBXGroup;
			children = (
				D39903CB21D52162005C8F3E /* SongBook */,
			);
			name = Products;
			sourceTree = "<group>";
		};
		D39903CD21D52162005C8F3E /* SongBook */ = {
			isa = PBXGroup;
			children = (
				D3F6B69121D7E68C00BD057A /* Services */,
				D3AFB45921D5A98100BAA80D /* Models */,
				D39903ED21D58A8E005C8F3E /* Extensions */,
				D39903D521D52186005C8F3E /* Enums */,
				D39903CE21D52162005C8F3E /* main.swift */,
				D3F6B69721D7E96800BD057A /* Constants.swift */,
			);
			path = SongBook;
			sourceTree = "<group>";
		};
		D39903D521D52186005C8F3E /* Enums */ = {
			isa = PBXGroup;
			children = (
				D3F6B69621D7E76800BD057A /* Scales */,
				D39903E421D5628F005C8F3E /* Chords */,
				D39903D621D52192005C8F3E /* Note.swift */,
				D39903DA21D52960005C8F3E /* Interval.swift */,
			);
			path = Enums;
			sourceTree = "<group>";
		};
		D39903E421D5628F005C8F3E /* Chords */ = {
			isa = PBXGroup;
			children = (
				D39903D821D522A9005C8F3E /* ChordType.swift */,
				D39903E021D560A4005C8F3E /* ChordStyle.swift */,
				D39903E221D56285005C8F3E /* Inversion.swift */,
				D39903E521D562D0005C8F3E /* Suspension.swift */,
				D39903E721D5635A005C8F3E /* Add.swift */,
				D39903E921D56FBB005C8F3E /* Alter.swift */,
				D39903EB21D5744D005C8F3E /* Secondary.swift */,
			);
			path = Chords;
			sourceTree = "<group>";
		};
		D39903ED21D58A8E005C8F3E /* Extensions */ = {
			isa = PBXGroup;
			children = (
				D39903EE21D58AA5005C8F3E /* CollectionExtensions.swift */,
			);
			path = Extensions;
			sourceTree = "<group>";
		};
		D3AFB45921D5A98100BAA80D /* Models */ = {
			isa = PBXGroup;
			children = (
				D3AFB45A21D5A98A00BAA80D /* Chord.swift */,
				D3AFB45C21D6DCB700BAA80D /* Scale.swift */,
			);
			path = Models;
			sourceTree = "<group>";
		};
		D3F6B69121D7E68C00BD057A /* Services */ = {
			isa = PBXGroup;
			children = (
				D39903DE21D52F9E005C8F3E /* NoteService.swift */,
				D3F6B69221D7E6A500BD057A /* ChordService.swift */,
				D3F6B69921D7F5F400BD057A /* ScaleService.swift */,
			);
			path = Services;
			sourceTree = "<group>";
		};
		D3F6B69621D7E76800BD057A /* Scales */ = {
			isa = PBXGroup;
			children = (
				D39903DC21D52D36005C8F3E /* ScaleType.swift */,
			);
			path = Scales;
			sourceTree = "<group>";
		};
/* End PBXGroup section */

/* Begin PBXNativeTarget section */
		D39903CA21D52162005C8F3E /* SongBook */ = {
			isa = PBXNativeTarget;
			buildConfigurationList = D39903D221D52162005C8F3E /* Build configuration list for PBXNativeTarget "SongBook" */;
			buildPhases = (
				D39903C721D52162005C8F3E /* Sources */,
				D39903C821D52162005C8F3E /* Frameworks */,
				D39903C921D52162005C8F3E /* CopyFiles */,
			);
			buildRules = (
			);
			dependencies = (
			);
			name = SongBook;
			productName = ArpGen;
			productReference = D39903CB21D52162005C8F3E /* SongBook */;
			productType = "com.apple.product-type.tool";
		};
/* End PBXNativeTarget section */

/* Begin PBXProject section */
		D39903C321D52161005C8F3E /* Project object */ = {
			isa = PBXProject;
			attributes = {
				LastSwiftUpdateCheck = 1010;
				LastUpgradeCheck = 1010;
				ORGANIZATIONNAME = Eviathan;
				TargetAttributes = {
					D39903CA21D52162005C8F3E = {
						CreatedOnToolsVersion = 10.1;
					};
				};
			};
			buildConfigurationList = D39903C621D52161005C8F3E /* Build configuration list for PBXProject "SongBook" */;
			compatibilityVersion = "Xcode 9.3";
			developmentRegion = en;
			hasScannedForEncodings = 0;
			knownRegions = (
				en,
			);
			mainGroup = D39903C221D52161005C8F3E;
			productRefGroup = D39903CC21D52162005C8F3E /* Products */;
			projectDirPath = "";
			projectRoot = "";
			targets = (
				D39903CA21D52162005C8F3E /* SongBook */,
			);
		};
/* End PBXProject section */

/* Begin PBXSourcesBuildPhase section */
		D39903C721D52162005C8F3E /* Sources */ = {
			isa = PBXSourcesBuildPhase;
			buildActionMask = 2147483647;
			files = (
				D39903EF21D58AA5005C8F3E /* CollectionExtensions.swift in Sources */,
				D3F6B69821D7E96800BD057A /* Constants.swift in Sources */,
				D39903DF21D52F9E005C8F3E /* NoteService.swift in Sources */,
				D3AFB45B21D5A98A00BAA80D /* Chord.swift in Sources */,
				D39903CF21D52162005C8F3E /* main.swift in Sources */,
				D39903EC21D5744D005C8F3E /* Secondary.swift in Sources */,
				D39903E121D560A4005C8F3E /* ChordStyle.swift in Sources */,
				D39903E821D5635A005C8F3E /* Add.swift in Sources */,
				D3F6B69A21D7F5F400BD057A /* ScaleService.swift in Sources */,
				D39903D721D52192005C8F3E /* Note.swift in Sources */,
				D39903DB21D52960005C8F3E /* Interval.swift in Sources */,
				D39903D921D522A9005C8F3E /* ChordType.swift in Sources */,
				D39903DD21D52D36005C8F3E /* ScaleType.swift in Sources */,
				D39903E621D562D0005C8F3E /* Suspension.swift in Sources */,
				D39903E321D56285005C8F3E /* Inversion.swift in Sources */,
				D3AFB45D21D6DCB700BAA80D /* Scale.swift in Sources */,
				D3F6B69321D7E6A500BD057A /* ChordService.swift in Sources */,
				D39903EA21D56FBB005C8F3E /* Alter.swift in Sources */,
			);
			runOnlyForDeploymentPostprocessing = 0;
		};
/* End PBXSourcesBuildPhase section */

/* Begin XCBuildConfiguration section */
		D39903D021D52162005C8F3E /* Debug */ = {
			isa = XCBuildConfiguration;
			buildSettings = {
				ALWAYS_SEARCH_USER_PATHS = NO;
				CLANG_ANALYZER_NONNULL = YES;
				CLANG_ANALYZER_NUMBER_OBJECT_CONVERSION = YES_AGGRESSIVE;
				CLANG_CXX_LANGUAGE_STANDARD = "gnu++14";
				CLANG_CXX_LIBRARY = "libc++";
				CLANG_ENABLE_MODULES = YES;
				CLANG_ENABLE_OBJC_ARC = YES;
				CLANG_ENABLE_OBJC_WEAK = YES;
				CLANG_WARN_BLOCK_CAPTURE_AUTORELEASING = YES;
				CLANG_WARN_BOOL_CONVERSION = YES;
				CLANG_WARN_COMMA = YES;
				CLANG_WARN_CONSTANT_CONVERSION = YES;
				CLANG_WARN_DEPRECATED_OBJC_IMPLEMENTATIONS = YES;
				CLANG_WARN_DIRECT_OBJC_ISA_USAGE = YES_ERROR;
				CLANG_WARN_DOCUMENTATION_COMMENTS = YES;
				CLANG_WARN_EMPTY_BODY = YES;
				CLANG_WARN_ENUM_CONVERSION = YES;
				CLANG_WARN_INFINITE_RECURSION = YES;
				CLANG_WARN_INT_CONVERSION = YES;
				CLANG_WARN_NON_LITERAL_NULL_CONVERSION = YES;
				CLANG_WARN_OBJC_IMPLICIT_RETAIN_SELF = YES;
				CLANG_WARN_OBJC_LITERAL_CONVERSION = YES;
				CLANG_WARN_OBJC_ROOT_CLASS = YES_ERROR;
				CLANG_WARN_RANGE_LOOP_ANALYSIS = YES;
				CLANG_WARN_STRICT_PROTOTYPES = YES;
				CLANG_WARN_SUSPICIOUS_MOVE = YES;
				CLANG_WARN_UNGUARDED_AVAILABILITY = YES_AGGRESSIVE;
				CLANG_WARN_UNREACHABLE_CODE = YES;
				CLANG_WARN__DUPLICATE_METHOD_MATCH = YES;
				CODE_SIGN_IDENTITY = "Mac Developer";
				COPY_PHASE_STRIP = NO;
				DEBUG_INFORMATION_FORMAT = dwarf;
				ENABLE_STRICT_OBJC_MSGSEND = YES;
				ENABLE_TESTABILITY = YES;
				GCC_C_LANGUAGE_STANDARD = gnu11;
				GCC_DYNAMIC_NO_PIC = NO;
				GCC_NO_COMMON_BLOCKS = YES;
				GCC_OPTIMIZATION_LEVEL = 0;
				GCC_PREPROCESSOR_DEFINITIONS = (
					"DEBUG=1",
					"$(inherited)",
				);
				GCC_WARN_64_TO_32_BIT_CONVERSION = YES;
				GCC_WARN_ABOUT_RETURN_TYPE = YES_ERROR;
				GCC_WARN_UNDECLARED_SELECTOR = YES;
				GCC_WARN_UNINITIALIZED_AUTOS = YES_AGGRESSIVE;
				GCC_WARN_UNUSED_FUNCTION = YES;
				GCC_WARN_UNUSED_VARIABLE = YES;
				MACOSX_DEPLOYMENT_TARGET = 10.14;
				MTL_ENABLE_DEBUG_INFO = INCLUDE_SOURCE;
				MTL_FAST_MATH = YES;
				ONLY_ACTIVE_ARCH = YES;
				SDKROOT = macosx;
				SWIFT_ACTIVE_COMPILATION_CONDITIONS = DEBUG;
				SWIFT_OPTIMIZATION_LEVEL = "-Onone";
			};
			name = Debug;
		};
		D39903D121D52162005C8F3E /* Release */ = {
			isa = XCBuildConfiguration;
			buildSettings = {
				ALWAYS_SEARCH_USER_PATHS = NO;
				CLANG_ANALYZER_NONNULL = YES;
				CLANG_ANALYZER_NUMBER_OBJECT_CONVERSION = YES_AGGRESSIVE;
				CLANG_CXX_LANGUAGE_STANDARD = "gnu++14";
				CLANG_CXX_LIBRARY = "libc++";
				CLANG_ENABLE_MODULES = YES;
				CLANG_ENABLE_OBJC_ARC = YES;
				CLANG_ENABLE_OBJC_WEAK = YES;
				CLANG_WARN_BLOCK_CAPTURE_AUTORELEASING = YES;
				CLANG_WARN_BOOL_CONVERSION = YES;
				CLANG_WARN_COMMA = YES;
				CLANG_WARN_CONSTANT_CONVERSION = YES;
				CLANG_WARN_DEPRECATED_OBJC_IMPLEMENTATIONS = YES;
				CLANG_WARN_DIRECT_OBJC_ISA_USAGE = YES_ERROR;
				CLANG_WARN_DOCUMENTATION_COMMENTS = YES;
				CLANG_WARN_EMPTY_BODY = YES;
				CLANG_WARN_ENUM_CONVERSION = YES;
				CLANG_WARN_INFINITE_RECURSION = YES;
				CLANG_WARN_INT_CONVERSION = YES;
				CLANG_WARN_NON_LITERAL_NULL_CONVERSION = YES;
				CLANG_WARN_OBJC_IMPLICIT_RETAIN_SELF = YES;
				CLANG_WARN_OBJC_LITERAL_CONVERSION = YES;
				CLANG_WARN_OBJC_ROOT_CLASS = YES_ERROR;
				CLANG_WARN_RANGE_LOOP_ANALYSIS = YES;
				CLANG_WARN_STRICT_PROTOTYPES = YES;
				CLANG_WARN_SUSPICIOUS_MOVE = YES;
				CLANG_WARN_UNGUARDED_AVAILABILITY = YES_AGGRESSIVE;
				CLANG_WARN_UNREACHABLE_CODE = YES;
				CLANG_WARN__DUPLICATE_METHOD_MATCH = YES;
				CODE_SIGN_IDENTITY = "Mac Developer";
				COPY_PHASE_STRIP = NO;
				DEBUG_INFORMATION_FORMAT = "dwarf-with-dsym";
				ENABLE_NS_ASSERTIONS = NO;
				ENABLE_STRICT_OBJC_MSGSEND = YES;
				GCC_C_LANGUAGE_STANDARD = gnu11;
				GCC_NO_COMMON_BLOCKS = YES;
				GCC_WARN_64_TO_32_BIT_CONVERSION = YES;
				GCC_WARN_ABOUT_RETURN_TYPE = YES_ERROR;
				GCC_WARN_UNDECLARED_SELECTOR = YES;
				GCC_WARN_UNINITIALIZED_AUTOS = YES_AGGRESSIVE;
				GCC_WARN_UNUSED_FUNCTION = YES;
				GCC_WARN_UNUSED_VARIABLE = YES;
				MACOSX_DEPLOYMENT_TARGET = 10.14;
				MTL_ENABLE_DEBUG_INFO = NO;
				MTL_FAST_MATH = YES;
				SDKROOT = macosx;
				SWIFT_COMPILATION_MODE = wholemodule;
				SWIFT_OPTIMIZATION_LEVEL = "-O";
			};
			name = Release;
		};
		D39903D321D52162005C8F3E /* Debug */ = {
			isa = XCBuildConfiguration;
			buildSettings = {
				CODE_SIGN_STYLE = Automatic;
				DEVELOPMENT_TEAM = B4MRNC88BC;
				PRODUCT_NAME = "$(TARGET_NAME)";
				SWIFT_VERSION = 4.2;
			};
			name = Debug;
		};
		D39903D421D52162005C8F3E /* Release */ = {
			isa = XCBuildConfiguration;
			buildSettings = {
				CODE_SIGN_STYLE = Automatic;
				DEVELOPMENT_TEAM = B4MRNC88BC;
				PRODUCT_NAME = "$(TARGET_NAME)";
				SWIFT_VERSION = 4.2;
			};
			name = Release;
		};
/* End XCBuildConfiguration section */

/* Begin XCConfigurationList section */
		D39903C621D52161005C8F3E /* Build configuration list for PBXProject "SongBook" */ = {
			isa = XCConfigurationList;
			buildConfigurations = (
				D39903D021D52162005C8F3E /* Debug */,
				D39903D121D52162005C8F3E /* Release */,
			);
			defaultConfigurationIsVisible = 0;
			defaultConfigurationName = Release;
		};
		D39903D221D52162005C8F3E /* Build configuration list for PBXNativeTarget "SongBook" */ = {
			isa = XCConfigurationList;
			buildConfigurations = (
				D39903D321D52162005C8F3E /* Debug */,
				D39903D421D52162005C8F3E /* Release */,
			);
			defaultConfigurationIsVisible = 0;
			defaultConfigurationName = Release;
		};
/* End XCConfigurationList section */
	};
	rootObject = D39903C321D52161005C8F3E /* Project object */;
}
